
Microsoft Visual Studio Solution File, Format Version 12.00
# Visual Studio Version 17
VisualStudioVersion = 17.8.34322.80
MinimumVisualStudioVersion = 10.0.40219.1
Project("{FAE04EC0-301F-11D3-BF4B-00C04F79EFBC}") = "MysticSynergy", "MysticSynergy\MysticSynergy.csproj", "{C00C23C1-8B08-4241-8D2A-A57D167779F9}"
EndProject
Global
	GlobalSection(SolutionConfigurationPlatforms) = preSolution
		Debug|Any CPU = Debug|Any CPU
		Release|Any CPU = Release|Any CPU
	EndGlobalSection
	GlobalSection(ProjectConfigurationPlatforms) = postSolution
		{C00C23C1-8B08-4241-8D2A-A57D167779F9}.Debug|Any CPU.ActiveCfg = Debug|Any CPU
		{C00C23C1-8B08-4241-8D2A-A57D167779F9}.Debug|Any CPU.Build.0 = Debug|Any CPU
		{C00C23C1-8B08-4241-8D2A-A57D167779F9}.Release|Any CPU.ActiveCfg = Release|Any CPU
		{C00C23C1-8B08-4241-8D2A-A57D167779F9}.Release|Any CPU.Build.0 = Release|Any CPU
	EndGlobalSection
	GlobalSection(SolutionProperties) = preSolution
		HideSolutionNode = FALSE
	EndGlobalSection
	GlobalSection(ExtensibilityGlobals) = postSolution
		SolutionGuid = {63F91409-41BE-4361-B87E-DD656078DBDB}
	EndGlobalSection
EndGlobal
